
Microsoft Visual Studio Solution File, Format Version 12.00
# Visual Studio Version 16
VisualStudioVersion = 16.0.34902.97
MinimumVisualStudioVersion = 10.0.40219.1
Project("{8BC9CEB8-8B4A-11D0-8D11-00A0C91BC942}") = "Lab1", "Lab1\Lab1.vcxproj", "{0A092D21-486C-4C7A-8C6C-A2894798CB7D}"
EndProject
Project("{8BC9CEB8-8B4A-11D0-8D11-00A0C91BC942}") = "Lab2.3", "Lab2.3\Lab2.3.vcxproj", "{E9650F99-F2C9-45EF-AF73-7C99F11ECE44}"
EndProject
Project("{8BC9CEB8-8B4A-11D0-8D11-00A0C91BC942}") = "Lab2.4", "Lab2.4\Lab2.4.vcxproj", "{9DFA7764-112C-4EE0-9E7F-AFA8D3D94FE0}"
EndProject
Project("{8BC9CEB8-8B4A-11D0-8D11-00A0C91BC942}") = "Lab3.3", "Lab3.3\Lab3.3.vcxproj", "{99B10A6B-90B0-4E4C-A15C-38ED1F8252C8}"
EndProject
Project("{8BC9CEB8-8B4A-11D0-8D11-00A0C91BC942}") = "Lab3.4", "Lab3.4\Lab3.4.vcxproj", "{12FDB267-58BF-4173-8B14-816F8B91C34F}"
EndProject
Project("{8BC9CEB8-8B4A-11D0-8D11-00A0C91BC942}") = "Lab4.3", "Lab4.3\Lab4.3.vcxproj", "{9C6512A6-6F64-44D6-AC7E-2AD31B4FFF9C}"
EndProject
Project("{8BC9CEB8-8B4A-11D0-8D11-00A0C91BC942}") = "Lab4.4", "Lab4.4\Lab4.4.vcxproj", "{58F0E8BA-581F-4558-8082-02C9239E0333}"
EndProject
Project("{8BC9CEB8-8B4A-11D0-8D11-00A0C91BC942}") = "Lab5.3", "Lab5.3\Lab5.3.vcxproj", "{B9590786-08E6-4084-91AC-DC2CFBA2885B}"
EndProject
Project("{8BC9CEB8-8B4A-11D0-8D11-00A0C91BC942}") = "Lab5.4", "Lab5.4\Lab5.4.vcxproj", "{3A71F8B7-1131-4A38-A09D-D769475CB71B}"
EndProject
Project("{8BC9CEB8-8B4A-11D0-8D11-00A0C91BC942}") = "Lab6.3", "Lab6.3\Lab6.3.vcxproj", "{63D13A26-F28B-4532-854F-09ABE677E8E7}"
EndProject
Project("{8BC9CEB8-8B4A-11D0-8D11-00A0C91BC942}") = "Lab6.4", "Lab6.4\Lab6.4.vcxproj", "{32D79990-28F7-45CD-873F-AF7E72D1BAD8}"
EndProject
Project("{8BC9CEB8-8B4A-11D0-8D11-00A0C91BC942}") = "Lab7.2", "Lab7.2\Lab7.2.vcxproj", "{EF58C549-E1B7-4197-A17E-1A4A18D78CC4}"
EndProject
Project("{8BC9CEB8-8B4A-11D0-8D11-00A0C91BC942}") = "Lab8.2", "Lab8.2\Lab8.2.vcxproj", "{00DBA339-4025-4342-B133-F4004D4C6525}"
EndProject
Project("{8BC9CEB8-8B4A-11D0-8D11-00A0C91BC942}") = "Lab9.2", "Lab9.2\Lab9.2.vcxproj", "{74FE0559-54C7-48AE-AF7A-D408A420E6A9}"
EndProject
Project("{8BC9CEB8-8B4A-11D0-8D11-00A0C91BC942}") = "Lab10.2", "Lab10.2\Lab10.2.vcxproj", "{6F1F792B-6AA8-49EB-9234-43A8EC67FA0C}"
EndProject
Project("{8BC9CEB8-8B4A-11D0-8D11-00A0C91BC942}") = "Lab11.2", "Lab11.2\Lab11.2.vcxproj", "{4893B10B-4AD7-498F-A1BE-35481D7D5972}"
EndProject
Project("{8BC9CEB8-8B4A-11D0-8D11-00A0C91BC942}") = "Lab12.2", "Lab12.2\Lab12.2.vcxproj", "{64EF5D46-3D96-466A-8C00-4AEFE02057A8}"
EndProject
Global
	GlobalSection(SolutionConfigurationPlatforms) = preSolution
		Debug|x64 = Debug|x64
		Debug|x86 = Debug|x86
		Release|x64 = Release|x64
		Release|x86 = Release|x86
	EndGlobalSection
	GlobalSection(ProjectConfigurationPlatforms) = postSolution
		{0A092D21-486C-4C7A-8C6C-A2894798CB7D}.Debug|x64.ActiveCfg = Debug|x64
		{0A092D21-486C-4C7A-8C6C-A2894798CB7D}.Debug|x64.Build.0 = Debug|x64
		{0A092D21-486C-4C7A-8C6C-A2894798CB7D}.Debug|x86.ActiveCfg = Debug|Win32
		{0A092D21-486C-4C7A-8C6C-A2894798CB7D}.Debug|x86.Build.0 = Debug|Win32
		{0A092D21-486C-4C7A-8C6C-A2894798CB7D}.Release|x64.ActiveCfg = Release|x64
		{0A092D21-486C-4C7A-8C6C-A2894798CB7D}.Release|x64.Build.0 = Release|x64
		{0A092D21-486C-4C7A-8C6C-A2894798CB7D}.Release|x86.ActiveCfg = Release|Win32
		{0A092D21-486C-4C7A-8C6C-A2894798CB7D}.Release|x86.Build.0 = Release|Win32
		{E9650F99-F2C9-45EF-AF73-7C99F11ECE44}.Debug|x64.ActiveCfg = Debug|x64
		{E9650F99-F2C9-45EF-AF73-7C99F11ECE44}.Debug|x64.Build.0 = Debug|x64
		{E9650F99-F2C9-45EF-AF73-7C99F11ECE44}.Debug|x86.ActiveCfg = Debug|Win32
		{E9650F99-F2C9-45EF-AF73-7C99F11ECE44}.Debug|x86.Build.0 = Debug|Win32
		{E9650F99-F2C9-45EF-AF73-7C99F11ECE44}.Release|x64.ActiveCfg = Release|x64
		{E9650F99-F2C9-45EF-AF73-7C99F11ECE44}.Release|x64.Build.0 = Release|x64
		{E9650F99-F2C9-45EF-AF73-7C99F11ECE44}.Release|x86.ActiveCfg = Release|Win32
		{E9650F99-F2C9-45EF-AF73-7C99F11ECE44}.Release|x86.Build.0 = Release|Win32
		{9DFA7764-112C-4EE0-9E7F-AFA8D3D94FE0}.Debug|x64.ActiveCfg = Debug|x64
		{9DFA7764-112C-4EE0-9E7F-AFA8D3D94FE0}.Debug|x64.Build.0 = Debug|x64
		{9DFA7764-112C-4EE0-9E7F-AFA8D3D94FE0}.Debug|x86.ActiveCfg = Debug|Win32
		{9DFA7764-112C-4EE0-9E7F-AFA8D3D94FE0}.Debug|x86.Build.0 = Debug|Win32
		{9DFA7764-112C-4EE0-9E7F-AFA8D3D94FE0}.Release|x64.ActiveCfg = Release|x64
		{9DFA7764-112C-4EE0-9E7F-AFA8D3D94FE0}.Release|x64.Build.0 = Release|x64
		{9DFA7764-112C-4EE0-9E7F-AFA8D3D94FE0}.Release|x86.ActiveCfg = Release|Win32
		{9DFA7764-112C-4EE0-9E7F-AFA8D3D94FE0}.Release|x86.Build.0 = Release|Win32
		{99B10A6B-90B0-4E4C-A15C-38ED1F8252C8}.Debug|x64.ActiveCfg = Debug|x64
		{99B10A6B-90B0-4E4C-A15C-38ED1F8252C8}.Debug|x64.Build.0 = Debug|x64
		{99B10A6B-90B0-4E4C-A15C-38ED1F8252C8}.Debug|x86.ActiveCfg = Debug|Win32
		{99B10A6B-90B0-4E4C-A15C-38ED1F8252C8}.Debug|x86.Build.0 = Debug|Win32
		{99B10A6B-90B0-4E4C-A15C-38ED1F8252C8}.Release|x64.ActiveCfg = Release|x64
		{99B10A6B-90B0-4E4C-A15C-38ED1F8252C8}.Release|x64.Build.0 = Release|x64
		{99B10A6B-90B0-4E4C-A15C-38ED1F8252C8}.Release|x86.ActiveCfg = Release|Win32
		{99B10A6B-90B0-4E4C-A15C-38ED1F8252C8}.Release|x86.Build.0 = Release|Win32
		{12FDB267-58BF-4173-8B14-816F8B91C34F}.Debug|x64.ActiveCfg = Debug|x64
		{12FDB267-58BF-4173-8B14-816F8B91C34F}.Debug|x64.Build.0 = Debug|x64
		{12FDB267-58BF-4173-8B14-816F8B91C34F}.Debug|x86.ActiveCfg = Debug|Win32
		{12FDB267-58BF-4173-8B14-816F8B91C34F}.Debug|x86.Build.0 = Debug|Win32
		{12FDB267-58BF-4173-8B14-816F8B91C34F}.Release|x64.ActiveCfg = Release|x64
		{12FDB267-58BF-4173-8B14-816F8B91C34F}.Release|x64.Build.0 = Release|x64
		{12FDB267-58BF-4173-8B14-816F8B91C34F}.Release|x86.ActiveCfg = Release|Win32
		{12FDB267-58BF-4173-8B14-816F8B91C34F}.Release|x86.Build.0 = Release|Win32
		{9C6512A6-6F64-44D6-AC7E-2AD31B4FFF9C}.Debug|x64.ActiveCfg = Debug|x64
		{9C6512A6-6F64-44D6-AC7E-2AD31B4FFF9C}.Debug|x64.Build.0 = Debug|x64
		{9C6512A6-6F64-44D6-AC7E-2AD31B4FFF9C}.Debug|x86.ActiveCfg = Debug|Win32
		{9C6512A6-6F64-44D6-AC7E-2AD31B4FFF9C}.Debug|x86.Build.0 = Debug|Win32
		{9C6512A6-6F64-44D6-AC7E-2AD31B4FFF9C}.Release|x64.ActiveCfg = Release|x64
		{9C6512A6-6F64-44D6-AC7E-2AD31B4FFF9C}.Release|x64.Build.0 = Release|x64
		{9C6512A6-6F64-44D6-AC7E-2AD31B4FFF9C}.Release|x86.ActiveCfg = Release|Win32
		{9C6512A6-6F64-44D6-AC7E-2AD31B4FFF9C}.Release|x86.Build.0 = Release|Win32
		{58F0E8BA-581F-4558-8082-02C9239E0333}.Debug|x64.ActiveCfg = Debug|x64
		{58F0E8BA-581F-4558-8082-02C9239E0333}.Debug|x64.Build.0 = Debug|x64
		{58F0E8BA-581F-4558-8082-02C9239E0333}.Debug|x86.ActiveCfg = Debug|Win32
		{58F0E8BA-581F-4558-8082-02C9239E0333}.Debug|x86.Build.0 = Debug|Win32
		{58F0E8BA-581F-4558-8082-02C9239E0333}.Release|x64.ActiveCfg = Release|x64
		{58F0E8BA-581F-4558-8082-02C9239E0333}.Release|x64.Build.0 = Release|x64
		{58F0E8BA-581F-4558-8082-02C9239E0333}.Release|x86.ActiveCfg = Release|Win32
		{58F0E8BA-581F-4558-8082-02C9239E0333}.Release|x86.Build.0 = Release|Win32
		{B9590786-08E6-4084-91AC-DC2CFBA2885B}.Debug|x64.ActiveCfg = Debug|x64
		{B9590786-08E6-4084-91AC-DC2CFBA2885B}.Debug|x64.Build.0 = Debug|x64
		{B9590786-08E6-4084-91AC-DC2CFBA2885B}.Debug|x86.ActiveCfg = Debug|Win32
		{B9590786-08E6-4084-91AC-DC2CFBA2885B}.Debug|x86.Build.0 = Debug|Win32
		{B9590786-08E6-4084-91AC-DC2CFBA2885B}.Release|x64.ActiveCfg = Release|x64
		{B9590786-08E6-4084-91AC-DC2CFBA2885B}.Release|x64.Build.0 = Release|x64
		{B9590786-08E6-4084-91AC-DC2CFBA2885B}.Release|x86.ActiveCfg = Release|Win32
		{B9590786-08E6-4084-91AC-DC2CFBA2885B}.Release|x86.Build.0 = Release|Win32
		{3A71F8B7-1131-4A38-A09D-D769475CB71B}.Debug|x64.ActiveCfg = Debug|x64
		{3A71F8B7-1131-4A38-A09D-D769475CB71B}.Debug|x64.Build.0 = Debug|x64
		{3A71F8B7-1131-4A38-A09D-D769475CB71B}.Debug|x86.ActiveCfg = Debug|Win32
		{3A71F8B7-1131-4A38-A09D-D769475CB71B}.Debug|x86.Build.0 = Debug|Win32
		{3A71F8B7-1131-4A38-A09D-D769475CB71B}.Release|x64.ActiveCfg = Release|x64
		{3A71F8B7-1131-4A38-A09D-D769475CB71B}.Release|x64.Build.0 = Release|x64
		{3A71F8B7-1131-4A38-A09D-D769475CB71B}.Release|x86.ActiveCfg = Release|Win32
		{3A71F8B7-1131-4A38-A09D-D769475CB71B}.Release|x86.Build.0 = Release|Win32
		{63D13A26-F28B-4532-854F-09ABE677E8E7}.Debug|x64.ActiveCfg = Debug|x64
		{63D13A26-F28B-4532-854F-09ABE677E8E7}.Debug|x64.Build.0 = Debug|x64
		{63D13A26-F28B-4532-854F-09ABE677E8E7}.Debug|x86.ActiveCfg = Debug|Win32
		{63D13A26-F28B-4532-854F-09ABE677E8E7}.Debug|x86.Build.0 = Debug|Win32
		{63D13A26-F28B-4532-854F-09ABE677E8E7}.Release|x64.ActiveCfg = Release|x64
		{63D13A26-F28B-4532-854F-09ABE677E8E7}.Release|x64.Build.0 = Release|x64
		{63D13A26-F28B-4532-854F-09ABE677E8E7}.Release|x86.ActiveCfg = Release|Win32
		{63D13A26-F28B-4532-854F-09ABE677E8E7}.Release|x86.Build.0 = Release|Win32
		{32D79990-28F7-45CD-873F-AF7E72D1BAD8}.Debug|x64.ActiveCfg = Debug|x64
		{32D79990-28F7-45CD-873F-AF7E72D1BAD8}.Debug|x64.Build.0 = Debug|x64
		{32D79990-28F7-45CD-873F-AF7E72D1BAD8}.Debug|x86.ActiveCfg = Debug|Win32
		{32D79990-28F7-45CD-873F-AF7E72D1BAD8}.Debug|x86.Build.0 = Debug|Win32
		{32D79990-28F7-45CD-873F-AF7E72D1BAD8}.Release|x64.ActiveCfg = Release|x64
		{32D79990-28F7-45CD-873F-AF7E72D1BAD8}.Release|x64.Build.0 = Release|x64
		{32D79990-28F7-45CD-873F-AF7E72D1BAD8}.Release|x86.ActiveCfg = Release|Win32
		{32D79990-28F7-45CD-873F-AF7E72D1BAD8}.Release|x86.Build.0 = Release|Win32
		{EF58C549-E1B7-4197-A17E-1A4A18D78CC4}.Debug|x64.ActiveCfg = Debug|x64
		{EF58C549-E1B7-4197-A17E-1A4A18D78CC4}.Debug|x64.Build.0 = Debug|x64
		{EF58C549-E1B7-4197-A17E-1A4A18D78CC4}.Debug|x86.ActiveCfg = Debug|Win32
		{EF58C549-E1B7-4197-A17E-1A4A18D78CC4}.Debug|x86.Build.0 = Debug|Win32
		{EF58C549-E1B7-4197-A17E-1A4A18D78CC4}.Release|x64.ActiveCfg = Release|x64
		{EF58C549-E1B7-4197-A17E-1A4A18D78CC4}.Release|x64.Build.0 = Release|x64
		{EF58C549-E1B7-4197-A17E-1A4A18D78CC4}.Release|x86.ActiveCfg = Release|Win32
		{EF58C549-E1B7-4197-A17E-1A4A18D78CC4}.Release|x86.Build.0 = Release|Win32
		{00DBA339-4025-4342-B133-F4004D4C6525}.Debug|x64.ActiveCfg = Debug|x64
		{00DBA339-4025-4342-B133-F4004D4C6525}.Debug|x64.Build.0 = Debug|x64
		{00DBA339-4025-4342-B133-F4004D4C6525}.Debug|x86.ActiveCfg = Debug|Win32
		{00DBA339-4025-4342-B133-F4004D4C6525}.Debug|x86.Build.0 = Debug|Win32
		{00DBA339-4025-4342-B133-F4004D4C6525}.Release|x64.ActiveCfg = Release|x64
		{00DBA339-4025-4342-B133-F4004D4C6525}.Release|x64.Build.0 = Release|x64
		{00DBA339-4025-4342-B133-F4004D4C6525}.Release|x86.ActiveCfg = Release|Win32
		{00DBA339-4025-4342-B133-F4004D4C6525}.Release|x86.Build.0 = Release|Win32
		{74FE0559-54C7-48AE-AF7A-D408A420E6A9}.Debug|x64.ActiveCfg = Debug|x64
		{74FE0559-54C7-48AE-AF7A-D408A420E6A9}.Debug|x64.Build.0 = Debug|x64
		{74FE0559-54C7-48AE-AF7A-D408A420E6A9}.Debug|x86.ActiveCfg = Debug|Win32
		{74FE0559-54C7-48AE-AF7A-D408A420E6A9}.Debug|x86.Build.0 = Debug|Win32
		{74FE0559-54C7-48AE-AF7A-D408A420E6A9}.Release|x64.ActiveCfg = Release|x64
		{74FE0559-54C7-48AE-AF7A-D408A420E6A9}.Release|x64.Build.0 = Release|x64
		{74FE0559-54C7-48AE-AF7A-D408A420E6A9}.Release|x86.ActiveCfg = Release|Win32
		{74FE0559-54C7-48AE-AF7A-D408A420E6A9}.Release|x86.Build.0 = Release|Win32
		{6F1F792B-6AA8-49EB-9234-43A8EC67FA0C}.Debug|x64.ActiveCfg = Debug|x64
		{6F1F792B-6AA8-49EB-9234-43A8EC67FA0C}.Debug|x64.Build.0 = Debug|x64
		{6F1F792B-6AA8-49EB-9234-43A8EC67FA0C}.Debug|x86.ActiveCfg = Debug|Win32
		{6F1F792B-6AA8-49EB-9234-43A8EC67FA0C}.Debug|x86.Build.0 = Debug|Win32
		{6F1F792B-6AA8-49EB-9234-43A8EC67FA0C}.Release|x64.ActiveCfg = Release|x64
		{6F1F792B-6AA8-49EB-9234-43A8EC67FA0C}.Release|x64.Build.0 = Release|x64
		{6F1F792B-6AA8-49EB-9234-43A8EC67FA0C}.Release|x86.ActiveCfg = Release|Win32
		{6F1F792B-6AA8-49EB-9234-43A8EC67FA0C}.Release|x86.Build.0 = Release|Win32
		{4893B10B-4AD7-498F-A1BE-35481D7D5972}.Debug|x64.ActiveCfg = Debug|x64
		{4893B10B-4AD7-498F-A1BE-35481D7D5972}.Debug|x64.Build.0 = Debug|x64
		{4893B10B-4AD7-498F-A1BE-35481D7D5972}.Debug|x86.ActiveCfg = Debug|Win32
		{4893B10B-4AD7-498F-A1BE-35481D7D5972}.Debug|x86.Build.0 = Debug|Win32
		{4893B10B-4AD7-498F-A1BE-35481D7D5972}.Release|x64.ActiveCfg = Release|x64
		{4893B10B-4AD7-498F-A1BE-35481D7D5972}.Release|x64.Build.0 = Release|x64
		{4893B10B-4AD7-498F-A1BE-35481D7D5972}.Release|x86.ActiveCfg = Release|Win32
		{4893B10B-4AD7-498F-A1BE-35481D7D5972}.Release|x86.Build.0 = Release|Win32
		{64EF5D46-3D96-466A-8C00-4AEFE02057A8}.Debug|x64.ActiveCfg = Debug|x64
		{64EF5D46-3D96-466A-8C00-4AEFE02057A8}.Debug|x64.Build.0 = Debug|x64
		{64EF5D46-3D96-466A-8C00-4AEFE02057A8}.Debug|x86.ActiveCfg = Debug|Win32
		{64EF5D46-3D96-466A-8C00-4AEFE02057A8}.Debug|x86.Build.0 = Debug|Win32
		{64EF5D46-3D96-466A-8C00-4AEFE02057A8}.Release|x64.ActiveCfg = Release|x64
		{64EF5D46-3D96-466A-8C00-4AEFE02057A8}.Release|x64.Build.0 = Release|x64
		{64EF5D46-3D96-466A-8C00-4AEFE02057A8}.Release|x86.ActiveCfg = Release|Win32
		{64EF5D46-3D96-466A-8C00-4AEFE02057A8}.Release|x86.Build.0 = Release|Win32
	EndGlobalSection
	GlobalSection(SolutionProperties) = preSolution
		HideSolutionNode = FALSE
	EndGlobalSection
	GlobalSection(ExtensibilityGlobals) = postSolution
		SolutionGuid = {3C5A0480-231D-47FB-9983-94C430B22878}
	EndGlobalSection
EndGlobal
